
Microsoft Visual Studio Solution File, Format Version 12.00
# Visual Studio Version 16
VisualStudioVersion = 16.0.29709.97
MinimumVisualStudioVersion = 10.0.40219.1
Project("{8BC9CEB8-8B4A-11D0-8D11-00A0C91BC942}") = "Ch9_2_13", "Ch9_2_13.vcxproj", "{9142EC1E-B501-4EC4-B40D-394781605CB6}"
EndProject
Global
	GlobalSection(SolutionConfigurationPlatforms) = preSolution
		Debug|x64 = Debug|x64
		Debug|x86 = Debug|x86
		Release|x64 = Release|x64
		Release|x86 = Release|x86
	EndGlobalSection
	GlobalSection(ProjectConfigurationPlatforms) = postSolution
		{9142EC1E-B501-4EC4-B40D-394781605CB6}.Debug|x64.ActiveCfg = Debug|x64
		{9142EC1E-B501-4EC4-B40D-394781605CB6}.Debug|x64.Build.0 = Debug|x64
		{9142EC1E-B501-4EC4-B40D-394781605CB6}.Debug|x86.ActiveCfg = Debug|Win32
		{9142EC1E-B501-4EC4-B40D-394781605CB6}.Debug|x86.Build.0 = Debug|Win32
		{9142EC1E-B501-4EC4-B40D-394781605CB6}.Release|x64.ActiveCfg = Release|x64
		{9142EC1E-B501-4EC4-B40D-394781605CB6}.Release|x64.Build.0 = Release|x64
		{9142EC1E-B501-4EC4-B40D-394781605CB6}.Release|x86.ActiveCfg = Release|Win32
		{9142EC1E-B501-4EC4-B40D-394781605CB6}.Release|x86.Build.0 = Release|Win32
	EndGlobalSection
	GlobalSection(SolutionProperties) = preSolution
		HideSolutionNode = FALSE
	EndGlobalSection
	GlobalSection(ExtensibilityGlobals) = postSolution
		SolutionGuid = {1E072EF0-6849-4F52-B7AA-0E0820662754}
	EndGlobalSection
EndGlobal
